
Microsoft Visual Studio Solution File, Format Version 12.00
# Visual Studio Version 16
VisualStudioVersion = 16.0.29102.190
MinimumVisualStudioVersion = 10.0.40219.1
Project("{2150E333-8FDC-42A3-9474-1A3956D46DE8}") = "FunctionKatas", "FunctionKatas", "{9FB8CE6C-CCE8-4C15-B29D-9877382E7F43}"
EndProject
Project("{2150E333-8FDC-42A3-9474-1A3956D46DE8}") = "ClassKatas", "ClassKatas", "{986B03BF-2C45-4C87-8152-265E034A4A4E}"
EndProject
Project("{9A19103F-16F7-4668-BE54-9A1E7A4F7556}") = "FizzBuzz.Test", "TestProjects\FizzBuzz.Test\FizzBuzz.Test.csproj", "{378128F7-8061-45A7-B84D-A2FB1F372C57}"
EndProject
Project("{9A19103F-16F7-4668-BE54-9A1E7A4F7556}") = "ReverseWords", "FunctionKatas\ReverseWords\ReverseWords.csproj", "{EA35BDD9-CA22-4356-A52D-36E335FED48A}"
EndProject
Project("{2150E333-8FDC-42A3-9474-1A3956D46DE8}") = "ReverseWords", "ReverseWords", "{F75A3B0D-965D-43D4-BDB2-0A8DA6A7E25B}"
EndProject
Project("{9A19103F-16F7-4668-BE54-9A1E7A4F7556}") = "FizzBuzz", "FunctionKatas\FizzBuzz\FizzBuzz.csproj", "{AB154528-22AE-459A-9734-817B636B001C}"
EndProject
Project("{2150E333-8FDC-42A3-9474-1A3956D46DE8}") = "FizzBuzz", "FizzBuzz", "{6FECFEE2-8EAE-4C72-AF95-6D028CFE9A3D}"
EndProject
Project("{9A19103F-16F7-4668-BE54-9A1E7A4F7556}") = "ReverseWords.Test", "TestProjects\ReverseWords.Test\ReverseWords.Test.csproj", "{239ECBBE-3597-4825-8BD1-F29E3171AE77}"
EndProject
Project("{9A19103F-16F7-4668-BE54-9A1E7A4F7556}") = "CaesarCipher", "FunctionKatas\CaesarCipher\CaesarCipher.csproj", "{661D8A5B-F84F-495D-B001-C7DC4563C46B}"
EndProject
Project("{2150E333-8FDC-42A3-9474-1A3956D46DE8}") = "CaesarCipher", "CaesarCipher", "{11E1F478-3FAE-4887-BA6C-9A90BC68B3CE}"
EndProject
Project("{9A19103F-16F7-4668-BE54-9A1E7A4F7556}") = "CaesarCipher.Test", "TestProjects\CaesarCipher.Test\CaesarCipher.Test.csproj", "{79AA906D-5C2F-4A7E-856D-73B6CC1855C3}"
EndProject
Project("{9A19103F-16F7-4668-BE54-9A1E7A4F7556}") = "Galgenmaennchen", "ClassKatas\Galgenmaennchen\Galgenmaennchen.csproj", "{8CDE12C2-C4C7-4AC7-B8F1-D8C8A4B5D40C}"
EndProject
Project("{2150E333-8FDC-42A3-9474-1A3956D46DE8}") = "Galgenmaennchen", "Galgenmaennchen", "{ED3B9BA3-E4C2-4328-B26C-9DDD72364BC2}"
EndProject
Project("{9A19103F-16F7-4668-BE54-9A1E7A4F7556}") = "Tannenbaum", "FunctionKatas\Tannenbaum\Tannenbaum.csproj", "{DEBF8BEA-04AC-48B2-843A-3FD613910635}"
EndProject
Project("{2150E333-8FDC-42A3-9474-1A3956D46DE8}") = "Tannenbaum", "Tannenbaum", "{1B6014E8-894D-4FC5-AE81-36A2025A2B63}"
EndProject
Project("{9A19103F-16F7-4668-BE54-9A1E7A4F7556}") = "WordWrap", "FunctionKatas\WordWrap\WordWrap.csproj", "{FAEF5ED3-6E08-46AB-9CE8-FC5F6BCED167}"
EndProject
Project("{2150E333-8FDC-42A3-9474-1A3956D46DE8}") = "WordWrap", "WordWrap", "{009E17B2-ECA8-46E1-85FB-1F55D881BF2D}"
EndProject
Project("{9A19103F-16F7-4668-BE54-9A1E7A4F7556}") = "RussischeBauernmultiplikation", "FunctionKatas\RussischeBauernmultiplikation\RussischeBauernmultiplikation.csproj", "{34CD1A8B-AE8F-4C0D-A01A-29D222E00E62}"
EndProject
Project("{2150E333-8FDC-42A3-9474-1A3956D46DE8}") = "RussischeBauernmultiplikation", "RussischeBauernmultiplikation", "{E1EF3860-F08F-4121-9CFA-B45237BB37C5}"
EndProject
Project("{9A19103F-16F7-4668-BE54-9A1E7A4F7556}") = "RussischeBauernmultiplikation.Test", "TestProjects\RussischeBauernmultiplikation.Test\RussischeBauernmultiplikation.Test.csproj", "{09074527-21DA-411D-909A-D85133CB36F6}"
EndProject
Project("{9A19103F-16F7-4668-BE54-9A1E7A4F7556}") = "DecimalToRoman", "ClassKatas\DecimalToRoman\DecimalToRoman.csproj", "{ABB4834D-8E39-4E1C-B9FE-311793683054}"
EndProject
Project("{2150E333-8FDC-42A3-9474-1A3956D46DE8}") = "DecimalToRoman", "DecimalToRoman", "{6C80FEBF-89C3-4061-875F-8891F6848C02}"
EndProject
Project("{9A19103F-16F7-4668-BE54-9A1E7A4F7556}") = "DecimalToRoman.Test", "TestProjects\DecimalToRoman.Test\DecimalToRoman.Test.csproj", "{CC968D3D-8804-4BB6-8520-D9252E02A52D}"
EndProject
Project("{9A19103F-16F7-4668-BE54-9A1E7A4F7556}") = "ConfigToDictionary", "FunctionKatas\ConfigToDictionary\ConfigToDictionary.csproj", "{04AD3207-2C27-4A7B-BA59-B52721258425}"
EndProject
Project("{2150E333-8FDC-42A3-9474-1A3956D46DE8}") = "ConfigToDictionary", "ConfigToDictionary", "{F395CC33-81E9-4C2C-8DAA-C9C59B86E140}"
EndProject
Project("{FAE04EC0-301F-11D3-BF4B-00C04F79EFBC}") = "RingBuffer", "ClassKatas\RingBuffer\RingBuffer.csproj", "{AC57FFD3-3D35-4B48-AB04-2CF99E69D2DF}"
EndProject
Project("{2150E333-8FDC-42A3-9474-1A3956D46DE8}") = "RingBuffer", "RingBuffer", "{A80D08C6-62A7-4308-97AD-B9A0DE3DD583}"
EndProject
Project("{FAE04EC0-301F-11D3-BF4B-00C04F79EFBC}") = "RingBuffer.Test", "TestProjects\RingBuffer.Test\RingBuffer.Test.csproj", "{0C3604E9-7FEC-4B32-B169-BCD45C19B2BB}"
EndProject
Global
	GlobalSection(SolutionConfigurationPlatforms) = preSolution
		Debug|Any CPU = Debug|Any CPU
		Release|Any CPU = Release|Any CPU
	EndGlobalSection
	GlobalSection(ProjectConfigurationPlatforms) = postSolution
		{378128F7-8061-45A7-B84D-A2FB1F372C57}.Debug|Any CPU.ActiveCfg = Debug|Any CPU
		{378128F7-8061-45A7-B84D-A2FB1F372C57}.Debug|Any CPU.Build.0 = Debug|Any CPU
		{378128F7-8061-45A7-B84D-A2FB1F372C57}.Release|Any CPU.ActiveCfg = Release|Any CPU
		{378128F7-8061-45A7-B84D-A2FB1F372C57}.Release|Any CPU.Build.0 = Release|Any CPU
		{EA35BDD9-CA22-4356-A52D-36E335FED48A}.Debug|Any CPU.ActiveCfg = Debug|Any CPU
		{EA35BDD9-CA22-4356-A52D-36E335FED48A}.Debug|Any CPU.Build.0 = Debug|Any CPU
		{EA35BDD9-CA22-4356-A52D-36E335FED48A}.Release|Any CPU.ActiveCfg = Release|Any CPU
		{EA35BDD9-CA22-4356-A52D-36E335FED48A}.Release|Any CPU.Build.0 = Release|Any CPU
		{AB154528-22AE-459A-9734-817B636B001C}.Debug|Any CPU.ActiveCfg = Debug|Any CPU
		{AB154528-22AE-459A-9734-817B636B001C}.Debug|Any CPU.Build.0 = Debug|Any CPU
		{AB154528-22AE-459A-9734-817B636B001C}.Release|Any CPU.ActiveCfg = Release|Any CPU
		{AB154528-22AE-459A-9734-817B636B001C}.Release|Any CPU.Build.0 = Release|Any CPU
		{239ECBBE-3597-4825-8BD1-F29E3171AE77}.Debug|Any CPU.ActiveCfg = Debug|Any CPU
		{239ECBBE-3597-4825-8BD1-F29E3171AE77}.Debug|Any CPU.Build.0 = Debug|Any CPU
		{239ECBBE-3597-4825-8BD1-F29E3171AE77}.Release|Any CPU.ActiveCfg = Release|Any CPU
		{239ECBBE-3597-4825-8BD1-F29E3171AE77}.Release|Any CPU.Build.0 = Release|Any CPU
		{661D8A5B-F84F-495D-B001-C7DC4563C46B}.Debug|Any CPU.ActiveCfg = Debug|Any CPU
		{661D8A5B-F84F-495D-B001-C7DC4563C46B}.Debug|Any CPU.Build.0 = Debug|Any CPU
		{661D8A5B-F84F-495D-B001-C7DC4563C46B}.Release|Any CPU.ActiveCfg = Release|Any CPU
		{661D8A5B-F84F-495D-B001-C7DC4563C46B}.Release|Any CPU.Build.0 = Release|Any CPU
		{79AA906D-5C2F-4A7E-856D-73B6CC1855C3}.Debug|Any CPU.ActiveCfg = Debug|Any CPU
		{79AA906D-5C2F-4A7E-856D-73B6CC1855C3}.Debug|Any CPU.Build.0 = Debug|Any CPU
		{79AA906D-5C2F-4A7E-856D-73B6CC1855C3}.Release|Any CPU.ActiveCfg = Release|Any CPU
		{79AA906D-5C2F-4A7E-856D-73B6CC1855C3}.Release|Any CPU.Build.0 = Release|Any CPU
		{8CDE12C2-C4C7-4AC7-B8F1-D8C8A4B5D40C}.Debug|Any CPU.ActiveCfg = Debug|Any CPU
		{8CDE12C2-C4C7-4AC7-B8F1-D8C8A4B5D40C}.Debug|Any CPU.Build.0 = Debug|Any CPU
		{8CDE12C2-C4C7-4AC7-B8F1-D8C8A4B5D40C}.Release|Any CPU.ActiveCfg = Release|Any CPU
		{8CDE12C2-C4C7-4AC7-B8F1-D8C8A4B5D40C}.Release|Any CPU.Build.0 = Release|Any CPU
		{DEBF8BEA-04AC-48B2-843A-3FD613910635}.Debug|Any CPU.ActiveCfg = Debug|Any CPU
		{DEBF8BEA-04AC-48B2-843A-3FD613910635}.Debug|Any CPU.Build.0 = Debug|Any CPU
		{DEBF8BEA-04AC-48B2-843A-3FD613910635}.Release|Any CPU.ActiveCfg = Release|Any CPU
		{DEBF8BEA-04AC-48B2-843A-3FD613910635}.Release|Any CPU.Build.0 = Release|Any CPU
		{FAEF5ED3-6E08-46AB-9CE8-FC5F6BCED167}.Debug|Any CPU.ActiveCfg = Debug|Any CPU
		{FAEF5ED3-6E08-46AB-9CE8-FC5F6BCED167}.Debug|Any CPU.Build.0 = Debug|Any CPU
		{FAEF5ED3-6E08-46AB-9CE8-FC5F6BCED167}.Release|Any CPU.ActiveCfg = Release|Any CPU
		{FAEF5ED3-6E08-46AB-9CE8-FC5F6BCED167}.Release|Any CPU.Build.0 = Release|Any CPU
		{34CD1A8B-AE8F-4C0D-A01A-29D222E00E62}.Debug|Any CPU.ActiveCfg = Debug|Any CPU
		{34CD1A8B-AE8F-4C0D-A01A-29D222E00E62}.Debug|Any CPU.Build.0 = Debug|Any CPU
		{34CD1A8B-AE8F-4C0D-A01A-29D222E00E62}.Release|Any CPU.ActiveCfg = Release|Any CPU
		{34CD1A8B-AE8F-4C0D-A01A-29D222E00E62}.Release|Any CPU.Build.0 = Release|Any CPU
		{09074527-21DA-411D-909A-D85133CB36F6}.Debug|Any CPU.ActiveCfg = Debug|Any CPU
		{09074527-21DA-411D-909A-D85133CB36F6}.Debug|Any CPU.Build.0 = Debug|Any CPU
		{09074527-21DA-411D-909A-D85133CB36F6}.Release|Any CPU.ActiveCfg = Release|Any CPU
		{09074527-21DA-411D-909A-D85133CB36F6}.Release|Any CPU.Build.0 = Release|Any CPU
		{ABB4834D-8E39-4E1C-B9FE-311793683054}.Debug|Any CPU.ActiveCfg = Debug|Any CPU
		{ABB4834D-8E39-4E1C-B9FE-311793683054}.Debug|Any CPU.Build.0 = Debug|Any CPU
		{ABB4834D-8E39-4E1C-B9FE-311793683054}.Release|Any CPU.ActiveCfg = Release|Any CPU
		{ABB4834D-8E39-4E1C-B9FE-311793683054}.Release|Any CPU.Build.0 = Release|Any CPU
		{CC968D3D-8804-4BB6-8520-D9252E02A52D}.Debug|Any CPU.ActiveCfg = Debug|Any CPU
		{CC968D3D-8804-4BB6-8520-D9252E02A52D}.Debug|Any CPU.Build.0 = Debug|Any CPU
		{CC968D3D-8804-4BB6-8520-D9252E02A52D}.Release|Any CPU.ActiveCfg = Release|Any CPU
		{CC968D3D-8804-4BB6-8520-D9252E02A52D}.Release|Any CPU.Build.0 = Release|Any CPU
		{04AD3207-2C27-4A7B-BA59-B52721258425}.Debug|Any CPU.ActiveCfg = Debug|Any CPU
		{04AD3207-2C27-4A7B-BA59-B52721258425}.Debug|Any CPU.Build.0 = Debug|Any CPU
		{04AD3207-2C27-4A7B-BA59-B52721258425}.Release|Any CPU.ActiveCfg = Release|Any CPU
		{04AD3207-2C27-4A7B-BA59-B52721258425}.Release|Any CPU.Build.0 = Release|Any CPU
		{AC57FFD3-3D35-4B48-AB04-2CF99E69D2DF}.Debug|Any CPU.ActiveCfg = Debug|Any CPU
		{AC57FFD3-3D35-4B48-AB04-2CF99E69D2DF}.Debug|Any CPU.Build.0 = Debug|Any CPU
		{AC57FFD3-3D35-4B48-AB04-2CF99E69D2DF}.Release|Any CPU.ActiveCfg = Release|Any CPU
		{AC57FFD3-3D35-4B48-AB04-2CF99E69D2DF}.Release|Any CPU.Build.0 = Release|Any CPU
		{0C3604E9-7FEC-4B32-B169-BCD45C19B2BB}.Debug|Any CPU.ActiveCfg = Debug|Any CPU
		{0C3604E9-7FEC-4B32-B169-BCD45C19B2BB}.Debug|Any CPU.Build.0 = Debug|Any CPU
		{0C3604E9-7FEC-4B32-B169-BCD45C19B2BB}.Release|Any CPU.ActiveCfg = Release|Any CPU
		{0C3604E9-7FEC-4B32-B169-BCD45C19B2BB}.Release|Any CPU.Build.0 = Release|Any CPU
	EndGlobalSection
	GlobalSection(SolutionProperties) = preSolution
		HideSolutionNode = FALSE
	EndGlobalSection
	GlobalSection(NestedProjects) = preSolution
		{378128F7-8061-45A7-B84D-A2FB1F372C57} = {6FECFEE2-8EAE-4C72-AF95-6D028CFE9A3D}
		{EA35BDD9-CA22-4356-A52D-36E335FED48A} = {F75A3B0D-965D-43D4-BDB2-0A8DA6A7E25B}
		{F75A3B0D-965D-43D4-BDB2-0A8DA6A7E25B} = {9FB8CE6C-CCE8-4C15-B29D-9877382E7F43}
		{AB154528-22AE-459A-9734-817B636B001C} = {6FECFEE2-8EAE-4C72-AF95-6D028CFE9A3D}
		{6FECFEE2-8EAE-4C72-AF95-6D028CFE9A3D} = {9FB8CE6C-CCE8-4C15-B29D-9877382E7F43}
		{239ECBBE-3597-4825-8BD1-F29E3171AE77} = {F75A3B0D-965D-43D4-BDB2-0A8DA6A7E25B}
		{661D8A5B-F84F-495D-B001-C7DC4563C46B} = {11E1F478-3FAE-4887-BA6C-9A90BC68B3CE}
		{11E1F478-3FAE-4887-BA6C-9A90BC68B3CE} = {9FB8CE6C-CCE8-4C15-B29D-9877382E7F43}
		{79AA906D-5C2F-4A7E-856D-73B6CC1855C3} = {11E1F478-3FAE-4887-BA6C-9A90BC68B3CE}
		{8CDE12C2-C4C7-4AC7-B8F1-D8C8A4B5D40C} = {ED3B9BA3-E4C2-4328-B26C-9DDD72364BC2}
		{ED3B9BA3-E4C2-4328-B26C-9DDD72364BC2} = {986B03BF-2C45-4C87-8152-265E034A4A4E}
		{DEBF8BEA-04AC-48B2-843A-3FD613910635} = {1B6014E8-894D-4FC5-AE81-36A2025A2B63}
		{1B6014E8-894D-4FC5-AE81-36A2025A2B63} = {9FB8CE6C-CCE8-4C15-B29D-9877382E7F43}
		{FAEF5ED3-6E08-46AB-9CE8-FC5F6BCED167} = {009E17B2-ECA8-46E1-85FB-1F55D881BF2D}
		{009E17B2-ECA8-46E1-85FB-1F55D881BF2D} = {9FB8CE6C-CCE8-4C15-B29D-9877382E7F43}
		{34CD1A8B-AE8F-4C0D-A01A-29D222E00E62} = {E1EF3860-F08F-4121-9CFA-B45237BB37C5}
		{E1EF3860-F08F-4121-9CFA-B45237BB37C5} = {9FB8CE6C-CCE8-4C15-B29D-9877382E7F43}
		{09074527-21DA-411D-909A-D85133CB36F6} = {E1EF3860-F08F-4121-9CFA-B45237BB37C5}
		{ABB4834D-8E39-4E1C-B9FE-311793683054} = {6C80FEBF-89C3-4061-875F-8891F6848C02}
		{6C80FEBF-89C3-4061-875F-8891F6848C02} = {986B03BF-2C45-4C87-8152-265E034A4A4E}
		{CC968D3D-8804-4BB6-8520-D9252E02A52D} = {6C80FEBF-89C3-4061-875F-8891F6848C02}
		{04AD3207-2C27-4A7B-BA59-B52721258425} = {F395CC33-81E9-4C2C-8DAA-C9C59B86E140}
		{F395CC33-81E9-4C2C-8DAA-C9C59B86E140} = {9FB8CE6C-CCE8-4C15-B29D-9877382E7F43}
		{AC57FFD3-3D35-4B48-AB04-2CF99E69D2DF} = {A80D08C6-62A7-4308-97AD-B9A0DE3DD583}
		{A80D08C6-62A7-4308-97AD-B9A0DE3DD583} = {986B03BF-2C45-4C87-8152-265E034A4A4E}
		{0C3604E9-7FEC-4B32-B169-BCD45C19B2BB} = {A80D08C6-62A7-4308-97AD-B9A0DE3DD583}
	EndGlobalSection
	GlobalSection(ExtensibilityGlobals) = postSolution
		SolutionGuid = {69D8148B-3850-4A70-A59C-2A3BC856F568}
	EndGlobalSection
EndGlobal
