
Microsoft Visual Studio Solution File, Format Version 12.00
# Visual Studio Version 16
VisualStudioVersion = 16.0.29102.190
MinimumVisualStudioVersion = 10.0.40219.1
Project("{9A19103F-16F7-4668-BE54-9A1E7A4F7556}") = "FizzBuzz", "FizzBuzz\FizzBuzz.csproj", "{B02848B4-7062-4A75-B6B3-8505D8FE63EF}"
EndProject
Project("{2150E333-8FDC-42A3-9474-1A3956D46DE8}") = "FunctionKatas", "FunctionKatas", "{9FB8CE6C-CCE8-4C15-B29D-9877382E7F43}"
EndProject
Project("{2150E333-8FDC-42A3-9474-1A3956D46DE8}") = "ClassKatas", "ClassKatas", "{986B03BF-2C45-4C87-8152-265E034A4A4E}"
EndProject
Project("{2150E333-8FDC-42A3-9474-1A3956D46DE8}") = "FizzBuzz", "FizzBuzz", "{AAFEB604-6387-4031-AADA-66A976C174BA}"
EndProject
Project("{9A19103F-16F7-4668-BE54-9A1E7A4F7556}") = "FizzBuzz.Test", "TestProjects\FizzBuzz.Test\FizzBuzz.Test.csproj", "{378128F7-8061-45A7-B84D-A2FB1F372C57}"
EndProject
Project("{FAE04EC0-301F-11D3-BF4B-00C04F79EFBC}") = "ReverseWords", "FunctionKatas\ReverseWords\ReverseWords.csproj", "{EA35BDD9-CA22-4356-A52D-36E335FED48A}"
EndProject
Project("{2150E333-8FDC-42A3-9474-1A3956D46DE8}") = "ReverseWords", "ReverseWords", "{F75A3B0D-965D-43D4-BDB2-0A8DA6A7E25B}"
EndProject
Global
	GlobalSection(SolutionConfigurationPlatforms) = preSolution
		Debug|Any CPU = Debug|Any CPU
		Release|Any CPU = Release|Any CPU
	EndGlobalSection
	GlobalSection(ProjectConfigurationPlatforms) = postSolution
		{B02848B4-7062-4A75-B6B3-8505D8FE63EF}.Debug|Any CPU.ActiveCfg = Debug|Any CPU
		{B02848B4-7062-4A75-B6B3-8505D8FE63EF}.Debug|Any CPU.Build.0 = Debug|Any CPU
		{B02848B4-7062-4A75-B6B3-8505D8FE63EF}.Release|Any CPU.ActiveCfg = Release|Any CPU
		{B02848B4-7062-4A75-B6B3-8505D8FE63EF}.Release|Any CPU.Build.0 = Release|Any CPU
		{378128F7-8061-45A7-B84D-A2FB1F372C57}.Debug|Any CPU.ActiveCfg = Debug|Any CPU
		{378128F7-8061-45A7-B84D-A2FB1F372C57}.Debug|Any CPU.Build.0 = Debug|Any CPU
		{378128F7-8061-45A7-B84D-A2FB1F372C57}.Release|Any CPU.ActiveCfg = Release|Any CPU
		{378128F7-8061-45A7-B84D-A2FB1F372C57}.Release|Any CPU.Build.0 = Release|Any CPU
		{EA35BDD9-CA22-4356-A52D-36E335FED48A}.Debug|Any CPU.ActiveCfg = Debug|Any CPU
		{EA35BDD9-CA22-4356-A52D-36E335FED48A}.Debug|Any CPU.Build.0 = Debug|Any CPU
		{EA35BDD9-CA22-4356-A52D-36E335FED48A}.Release|Any CPU.ActiveCfg = Release|Any CPU
		{EA35BDD9-CA22-4356-A52D-36E335FED48A}.Release|Any CPU.Build.0 = Release|Any CPU
	EndGlobalSection
	GlobalSection(SolutionProperties) = preSolution
		HideSolutionNode = FALSE
	EndGlobalSection
	GlobalSection(NestedProjects) = preSolution
		{B02848B4-7062-4A75-B6B3-8505D8FE63EF} = {AAFEB604-6387-4031-AADA-66A976C174BA}
		{AAFEB604-6387-4031-AADA-66A976C174BA} = {9FB8CE6C-CCE8-4C15-B29D-9877382E7F43}
		{378128F7-8061-45A7-B84D-A2FB1F372C57} = {AAFEB604-6387-4031-AADA-66A976C174BA}
		{EA35BDD9-CA22-4356-A52D-36E335FED48A} = {F75A3B0D-965D-43D4-BDB2-0A8DA6A7E25B}
		{F75A3B0D-965D-43D4-BDB2-0A8DA6A7E25B} = {9FB8CE6C-CCE8-4C15-B29D-9877382E7F43}
	EndGlobalSection
	GlobalSection(ExtensibilityGlobals) = postSolution
		SolutionGuid = {69D8148B-3850-4A70-A59C-2A3BC856F568}
	EndGlobalSection
EndGlobal
